
Microsoft Visual Studio Solution File, Format Version 12.00
# Visual Studio 15
VisualStudioVersion = 15.0.28307.106
MinimumVisualStudioVersion = 10.0.40219.1
Project("{FAE04EC0-301F-11D3-BF4B-00C04F79EFBC}") = "Sample.Android", "Sample.Android\Sample.Android.csproj", "{7B6DEA22-B8F0-4C29-98A1-D9DFE91A0C11}"
EndProject
Project("{FAE04EC0-301F-11D3-BF4B-00C04F79EFBC}") = "Sample.iOS", "Sample.iOS\Sample.iOS.csproj", "{FE5E351B-D5D7-4907-909E-2A865DB21595}"
EndProject
Project("{9A19103F-16F7-4668-BE54-9A1E7A4F7556}") = "Sample", "Sample\Sample.csproj", "{6A6BBA96-AFEB-4399-AA2E-2C8A9E1D7A90}"
EndProject
Project("{2150E333-8FDC-42A3-9474-1A3956D46DE8}") = "scr", "scr", "{3AA24539-7A94-43FA-9F49-CDCFF763AF26}"
EndProject
Project("{9A19103F-16F7-4668-BE54-9A1E7A4F7556}") = "Xamarin.EnableKeyboardEffect", "..\..\scr\Xamarin.EnableKeyboardEffect\Xamarin.EnableKeyboardEffect.csproj", "{3CB40FE3-E940-4E16-87CF-61CDC8F4AEAD}"
EndProject
Project("{FAE04EC0-301F-11D3-BF4B-00C04F79EFBC}") = "Xamarin.EnableKeyboardEffect.Droid", "..\..\scr\Xamarin.EnableKeyboardEffect.Droid\Xamarin.EnableKeyboardEffect.Droid.csproj", "{F315E090-09C9-4054-851A-234B9F97B47C}"
EndProject
Project("{FAE04EC0-301F-11D3-BF4B-00C04F79EFBC}") = "Xamarin.EnableKeyboardEffect.iOS", "..\..\scr\Xamarin.EnableKeyboardEffect.iOS\Xamarin.EnableKeyboardEffect.iOS.csproj", "{E71F3053-056C-4381-9638-048ED73BDFF6}"
EndProject
Global
	GlobalSection(SolutionConfigurationPlatforms) = preSolution
		Ad-Hoc|Any CPU = Ad-Hoc|Any CPU
		Ad-Hoc|iPhone = Ad-Hoc|iPhone
		Ad-Hoc|iPhoneSimulator = Ad-Hoc|iPhoneSimulator
		AppStore|Any CPU = AppStore|Any CPU
		AppStore|iPhone = AppStore|iPhone
		AppStore|iPhoneSimulator = AppStore|iPhoneSimulator
		Debug|Any CPU = Debug|Any CPU
		Debug|iPhone = Debug|iPhone
		Debug|iPhoneSimulator = Debug|iPhoneSimulator
		Release|Any CPU = Release|Any CPU
		Release|iPhone = Release|iPhone
		Release|iPhoneSimulator = Release|iPhoneSimulator
	EndGlobalSection
	GlobalSection(ProjectConfigurationPlatforms) = postSolution
		{7B6DEA22-B8F0-4C29-98A1-D9DFE91A0C11}.Ad-Hoc|Any CPU.ActiveCfg = Release|Any CPU
		{7B6DEA22-B8F0-4C29-98A1-D9DFE91A0C11}.Ad-Hoc|Any CPU.Build.0 = Release|Any CPU
		{7B6DEA22-B8F0-4C29-98A1-D9DFE91A0C11}.Ad-Hoc|Any CPU.Deploy.0 = Release|Any CPU
		{7B6DEA22-B8F0-4C29-98A1-D9DFE91A0C11}.Ad-Hoc|iPhone.ActiveCfg = Release|Any CPU
		{7B6DEA22-B8F0-4C29-98A1-D9DFE91A0C11}.Ad-Hoc|iPhone.Build.0 = Release|Any CPU
		{7B6DEA22-B8F0-4C29-98A1-D9DFE91A0C11}.Ad-Hoc|iPhone.Deploy.0 = Release|Any CPU
		{7B6DEA22-B8F0-4C29-98A1-D9DFE91A0C11}.Ad-Hoc|iPhoneSimulator.ActiveCfg = Release|Any CPU
		{7B6DEA22-B8F0-4C29-98A1-D9DFE91A0C11}.Ad-Hoc|iPhoneSimulator.Build.0 = Release|Any CPU
		{7B6DEA22-B8F0-4C29-98A1-D9DFE91A0C11}.Ad-Hoc|iPhoneSimulator.Deploy.0 = Release|Any CPU
		{7B6DEA22-B8F0-4C29-98A1-D9DFE91A0C11}.AppStore|Any CPU.ActiveCfg = Release|Any CPU
		{7B6DEA22-B8F0-4C29-98A1-D9DFE91A0C11}.AppStore|Any CPU.Build.0 = Release|Any CPU
		{7B6DEA22-B8F0-4C29-98A1-D9DFE91A0C11}.AppStore|Any CPU.Deploy.0 = Release|Any CPU
		{7B6DEA22-B8F0-4C29-98A1-D9DFE91A0C11}.AppStore|iPhone.ActiveCfg = Release|Any CPU
		{7B6DEA22-B8F0-4C29-98A1-D9DFE91A0C11}.AppStore|iPhone.Build.0 = Release|Any CPU
		{7B6DEA22-B8F0-4C29-98A1-D9DFE91A0C11}.AppStore|iPhone.Deploy.0 = Release|Any CPU
		{7B6DEA22-B8F0-4C29-98A1-D9DFE91A0C11}.AppStore|iPhoneSimulator.ActiveCfg = Release|Any CPU
		{7B6DEA22-B8F0-4C29-98A1-D9DFE91A0C11}.AppStore|iPhoneSimulator.Build.0 = Release|Any CPU
		{7B6DEA22-B8F0-4C29-98A1-D9DFE91A0C11}.AppStore|iPhoneSimulator.Deploy.0 = Release|Any CPU
		{7B6DEA22-B8F0-4C29-98A1-D9DFE91A0C11}.Debug|Any CPU.ActiveCfg = Debug|Any CPU
		{7B6DEA22-B8F0-4C29-98A1-D9DFE91A0C11}.Debug|Any CPU.Build.0 = Debug|Any CPU
		{7B6DEA22-B8F0-4C29-98A1-D9DFE91A0C11}.Debug|Any CPU.Deploy.0 = Debug|Any CPU
		{7B6DEA22-B8F0-4C29-98A1-D9DFE91A0C11}.Debug|iPhone.ActiveCfg = Debug|Any CPU
		{7B6DEA22-B8F0-4C29-98A1-D9DFE91A0C11}.Debug|iPhone.Build.0 = Debug|Any CPU
		{7B6DEA22-B8F0-4C29-98A1-D9DFE91A0C11}.Debug|iPhone.Deploy.0 = Debug|Any CPU
		{7B6DEA22-B8F0-4C29-98A1-D9DFE91A0C11}.Debug|iPhoneSimulator.ActiveCfg = Debug|Any CPU
		{7B6DEA22-B8F0-4C29-98A1-D9DFE91A0C11}.Debug|iPhoneSimulator.Build.0 = Debug|Any CPU
		{7B6DEA22-B8F0-4C29-98A1-D9DFE91A0C11}.Debug|iPhoneSimulator.Deploy.0 = Debug|Any CPU
		{7B6DEA22-B8F0-4C29-98A1-D9DFE91A0C11}.Release|Any CPU.ActiveCfg = Release|Any CPU
		{7B6DEA22-B8F0-4C29-98A1-D9DFE91A0C11}.Release|Any CPU.Build.0 = Release|Any CPU
		{7B6DEA22-B8F0-4C29-98A1-D9DFE91A0C11}.Release|Any CPU.Deploy.0 = Release|Any CPU
		{7B6DEA22-B8F0-4C29-98A1-D9DFE91A0C11}.Release|iPhone.ActiveCfg = Release|Any CPU
		{7B6DEA22-B8F0-4C29-98A1-D9DFE91A0C11}.Release|iPhone.Build.0 = Release|Any CPU
		{7B6DEA22-B8F0-4C29-98A1-D9DFE91A0C11}.Release|iPhone.Deploy.0 = Release|Any CPU
		{7B6DEA22-B8F0-4C29-98A1-D9DFE91A0C11}.Release|iPhoneSimulator.ActiveCfg = Release|Any CPU
		{7B6DEA22-B8F0-4C29-98A1-D9DFE91A0C11}.Release|iPhoneSimulator.Build.0 = Release|Any CPU
		{7B6DEA22-B8F0-4C29-98A1-D9DFE91A0C11}.Release|iPhoneSimulator.Deploy.0 = Release|Any CPU
		{FE5E351B-D5D7-4907-909E-2A865DB21595}.Ad-Hoc|Any CPU.ActiveCfg = Ad-Hoc|iPhone
		{FE5E351B-D5D7-4907-909E-2A865DB21595}.Ad-Hoc|Any CPU.Build.0 = Ad-Hoc|iPhone
		{FE5E351B-D5D7-4907-909E-2A865DB21595}.Ad-Hoc|Any CPU.Deploy.0 = Ad-Hoc|iPhone
		{FE5E351B-D5D7-4907-909E-2A865DB21595}.Ad-Hoc|iPhone.ActiveCfg = Ad-Hoc|iPhone
		{FE5E351B-D5D7-4907-909E-2A865DB21595}.Ad-Hoc|iPhone.Build.0 = Ad-Hoc|iPhone
		{FE5E351B-D5D7-4907-909E-2A865DB21595}.Ad-Hoc|iPhone.Deploy.0 = Ad-Hoc|iPhone
		{FE5E351B-D5D7-4907-909E-2A865DB21595}.Ad-Hoc|iPhoneSimulator.ActiveCfg = Ad-Hoc|iPhoneSimulator
		{FE5E351B-D5D7-4907-909E-2A865DB21595}.Ad-Hoc|iPhoneSimulator.Build.0 = Ad-Hoc|iPhoneSimulator
		{FE5E351B-D5D7-4907-909E-2A865DB21595}.Ad-Hoc|iPhoneSimulator.Deploy.0 = Ad-Hoc|iPhoneSimulator
		{FE5E351B-D5D7-4907-909E-2A865DB21595}.AppStore|Any CPU.ActiveCfg = AppStore|iPhone
		{FE5E351B-D5D7-4907-909E-2A865DB21595}.AppStore|Any CPU.Build.0 = AppStore|iPhone
		{FE5E351B-D5D7-4907-909E-2A865DB21595}.AppStore|Any CPU.Deploy.0 = AppStore|iPhone
		{FE5E351B-D5D7-4907-909E-2A865DB21595}.AppStore|iPhone.ActiveCfg = AppStore|iPhone
		{FE5E351B-D5D7-4907-909E-2A865DB21595}.AppStore|iPhone.Build.0 = AppStore|iPhone
		{FE5E351B-D5D7-4907-909E-2A865DB21595}.AppStore|iPhone.Deploy.0 = AppStore|iPhone
		{FE5E351B-D5D7-4907-909E-2A865DB21595}.AppStore|iPhoneSimulator.ActiveCfg = AppStore|iPhoneSimulator
		{FE5E351B-D5D7-4907-909E-2A865DB21595}.AppStore|iPhoneSimulator.Build.0 = AppStore|iPhoneSimulator
		{FE5E351B-D5D7-4907-909E-2A865DB21595}.AppStore|iPhoneSimulator.Deploy.0 = AppStore|iPhoneSimulator
		{FE5E351B-D5D7-4907-909E-2A865DB21595}.Debug|Any CPU.ActiveCfg = Debug|iPhoneSimulator
		{FE5E351B-D5D7-4907-909E-2A865DB21595}.Debug|Any CPU.Build.0 = Debug|iPhoneSimulator
		{FE5E351B-D5D7-4907-909E-2A865DB21595}.Debug|Any CPU.Deploy.0 = Debug|iPhoneSimulator
		{FE5E351B-D5D7-4907-909E-2A865DB21595}.Debug|iPhone.ActiveCfg = Debug|iPhone
		{FE5E351B-D5D7-4907-909E-2A865DB21595}.Debug|iPhone.Build.0 = Debug|iPhone
		{FE5E351B-D5D7-4907-909E-2A865DB21595}.Debug|iPhone.Deploy.0 = Debug|iPhone
		{FE5E351B-D5D7-4907-909E-2A865DB21595}.Debug|iPhoneSimulator.ActiveCfg = Debug|iPhoneSimulator
		{FE5E351B-D5D7-4907-909E-2A865DB21595}.Debug|iPhoneSimulator.Build.0 = Debug|iPhoneSimulator
		{FE5E351B-D5D7-4907-909E-2A865DB21595}.Debug|iPhoneSimulator.Deploy.0 = Debug|iPhoneSimulator
		{FE5E351B-D5D7-4907-909E-2A865DB21595}.Release|Any CPU.ActiveCfg = Release|iPhone
		{FE5E351B-D5D7-4907-909E-2A865DB21595}.Release|Any CPU.Build.0 = Release|iPhone
		{FE5E351B-D5D7-4907-909E-2A865DB21595}.Release|Any CPU.Deploy.0 = Release|iPhone
		{FE5E351B-D5D7-4907-909E-2A865DB21595}.Release|iPhone.ActiveCfg = Release|iPhone
		{FE5E351B-D5D7-4907-909E-2A865DB21595}.Release|iPhone.Build.0 = Release|iPhone
		{FE5E351B-D5D7-4907-909E-2A865DB21595}.Release|iPhone.Deploy.0 = Release|iPhone
		{FE5E351B-D5D7-4907-909E-2A865DB21595}.Release|iPhoneSimulator.ActiveCfg = Release|iPhoneSimulator
		{FE5E351B-D5D7-4907-909E-2A865DB21595}.Release|iPhoneSimulator.Build.0 = Release|iPhoneSimulator
		{FE5E351B-D5D7-4907-909E-2A865DB21595}.Release|iPhoneSimulator.Deploy.0 = Release|iPhoneSimulator
		{6A6BBA96-AFEB-4399-AA2E-2C8A9E1D7A90}.Ad-Hoc|Any CPU.ActiveCfg = Debug|Any CPU
		{6A6BBA96-AFEB-4399-AA2E-2C8A9E1D7A90}.Ad-Hoc|Any CPU.Build.0 = Debug|Any CPU
		{6A6BBA96-AFEB-4399-AA2E-2C8A9E1D7A90}.Ad-Hoc|Any CPU.Deploy.0 = Debug|Any CPU
		{6A6BBA96-AFEB-4399-AA2E-2C8A9E1D7A90}.Ad-Hoc|iPhone.ActiveCfg = Debug|Any CPU
		{6A6BBA96-AFEB-4399-AA2E-2C8A9E1D7A90}.Ad-Hoc|iPhone.Build.0 = Debug|Any CPU
		{6A6BBA96-AFEB-4399-AA2E-2C8A9E1D7A90}.Ad-Hoc|iPhone.Deploy.0 = Debug|Any CPU
		{6A6BBA96-AFEB-4399-AA2E-2C8A9E1D7A90}.Ad-Hoc|iPhoneSimulator.ActiveCfg = Debug|Any CPU
		{6A6BBA96-AFEB-4399-AA2E-2C8A9E1D7A90}.Ad-Hoc|iPhoneSimulator.Build.0 = Debug|Any CPU
		{6A6BBA96-AFEB-4399-AA2E-2C8A9E1D7A90}.Ad-Hoc|iPhoneSimulator.Deploy.0 = Debug|Any CPU
		{6A6BBA96-AFEB-4399-AA2E-2C8A9E1D7A90}.AppStore|Any CPU.ActiveCfg = Debug|Any CPU
		{6A6BBA96-AFEB-4399-AA2E-2C8A9E1D7A90}.AppStore|Any CPU.Build.0 = Debug|Any CPU
		{6A6BBA96-AFEB-4399-AA2E-2C8A9E1D7A90}.AppStore|Any CPU.Deploy.0 = Debug|Any CPU
		{6A6BBA96-AFEB-4399-AA2E-2C8A9E1D7A90}.AppStore|iPhone.ActiveCfg = Debug|Any CPU
		{6A6BBA96-AFEB-4399-AA2E-2C8A9E1D7A90}.AppStore|iPhone.Build.0 = Debug|Any CPU
		{6A6BBA96-AFEB-4399-AA2E-2C8A9E1D7A90}.AppStore|iPhone.Deploy.0 = Debug|Any CPU
		{6A6BBA96-AFEB-4399-AA2E-2C8A9E1D7A90}.AppStore|iPhoneSimulator.ActiveCfg = Debug|Any CPU
		{6A6BBA96-AFEB-4399-AA2E-2C8A9E1D7A90}.AppStore|iPhoneSimulator.Build.0 = Debug|Any CPU
		{6A6BBA96-AFEB-4399-AA2E-2C8A9E1D7A90}.AppStore|iPhoneSimulator.Deploy.0 = Debug|Any CPU
		{6A6BBA96-AFEB-4399-AA2E-2C8A9E1D7A90}.Debug|Any CPU.ActiveCfg = Debug|Any CPU
		{6A6BBA96-AFEB-4399-AA2E-2C8A9E1D7A90}.Debug|Any CPU.Build.0 = Debug|Any CPU
		{6A6BBA96-AFEB-4399-AA2E-2C8A9E1D7A90}.Debug|Any CPU.Deploy.0 = Debug|Any CPU
		{6A6BBA96-AFEB-4399-AA2E-2C8A9E1D7A90}.Debug|iPhone.ActiveCfg = Debug|Any CPU
		{6A6BBA96-AFEB-4399-AA2E-2C8A9E1D7A90}.Debug|iPhone.Build.0 = Debug|Any CPU
		{6A6BBA96-AFEB-4399-AA2E-2C8A9E1D7A90}.Debug|iPhone.Deploy.0 = Debug|Any CPU
		{6A6BBA96-AFEB-4399-AA2E-2C8A9E1D7A90}.Debug|iPhoneSimulator.ActiveCfg = Debug|Any CPU
		{6A6BBA96-AFEB-4399-AA2E-2C8A9E1D7A90}.Debug|iPhoneSimulator.Build.0 = Debug|Any CPU
		{6A6BBA96-AFEB-4399-AA2E-2C8A9E1D7A90}.Debug|iPhoneSimulator.Deploy.0 = Debug|Any CPU
		{6A6BBA96-AFEB-4399-AA2E-2C8A9E1D7A90}.Release|Any CPU.ActiveCfg = Release|Any CPU
		{6A6BBA96-AFEB-4399-AA2E-2C8A9E1D7A90}.Release|Any CPU.Build.0 = Release|Any CPU
		{6A6BBA96-AFEB-4399-AA2E-2C8A9E1D7A90}.Release|Any CPU.Deploy.0 = Release|Any CPU
		{6A6BBA96-AFEB-4399-AA2E-2C8A9E1D7A90}.Release|iPhone.ActiveCfg = Release|Any CPU
		{6A6BBA96-AFEB-4399-AA2E-2C8A9E1D7A90}.Release|iPhone.Build.0 = Release|Any CPU
		{6A6BBA96-AFEB-4399-AA2E-2C8A9E1D7A90}.Release|iPhone.Deploy.0 = Release|Any CPU
		{6A6BBA96-AFEB-4399-AA2E-2C8A9E1D7A90}.Release|iPhoneSimulator.ActiveCfg = Release|Any CPU
		{6A6BBA96-AFEB-4399-AA2E-2C8A9E1D7A90}.Release|iPhoneSimulator.Build.0 = Release|Any CPU
		{6A6BBA96-AFEB-4399-AA2E-2C8A9E1D7A90}.Release|iPhoneSimulator.Deploy.0 = Release|Any CPU
		{3CB40FE3-E940-4E16-87CF-61CDC8F4AEAD}.Ad-Hoc|Any CPU.ActiveCfg = Debug|Any CPU
		{3CB40FE3-E940-4E16-87CF-61CDC8F4AEAD}.Ad-Hoc|Any CPU.Build.0 = Debug|Any CPU
		{3CB40FE3-E940-4E16-87CF-61CDC8F4AEAD}.Ad-Hoc|iPhone.ActiveCfg = Debug|Any CPU
		{3CB40FE3-E940-4E16-87CF-61CDC8F4AEAD}.Ad-Hoc|iPhone.Build.0 = Debug|Any CPU
		{3CB40FE3-E940-4E16-87CF-61CDC8F4AEAD}.Ad-Hoc|iPhoneSimulator.ActiveCfg = Debug|Any CPU
		{3CB40FE3-E940-4E16-87CF-61CDC8F4AEAD}.Ad-Hoc|iPhoneSimulator.Build.0 = Debug|Any CPU
		{3CB40FE3-E940-4E16-87CF-61CDC8F4AEAD}.AppStore|Any CPU.ActiveCfg = Debug|Any CPU
		{3CB40FE3-E940-4E16-87CF-61CDC8F4AEAD}.AppStore|Any CPU.Build.0 = Debug|Any CPU
		{3CB40FE3-E940-4E16-87CF-61CDC8F4AEAD}.AppStore|iPhone.ActiveCfg = Debug|Any CPU
		{3CB40FE3-E940-4E16-87CF-61CDC8F4AEAD}.AppStore|iPhone.Build.0 = Debug|Any CPU
		{3CB40FE3-E940-4E16-87CF-61CDC8F4AEAD}.AppStore|iPhoneSimulator.ActiveCfg = Debug|Any CPU
		{3CB40FE3-E940-4E16-87CF-61CDC8F4AEAD}.AppStore|iPhoneSimulator.Build.0 = Debug|Any CPU
		{3CB40FE3-E940-4E16-87CF-61CDC8F4AEAD}.Debug|Any CPU.ActiveCfg = Debug|Any CPU
		{3CB40FE3-E940-4E16-87CF-61CDC8F4AEAD}.Debug|Any CPU.Build.0 = Debug|Any CPU
		{3CB40FE3-E940-4E16-87CF-61CDC8F4AEAD}.Debug|iPhone.ActiveCfg = Debug|Any CPU
		{3CB40FE3-E940-4E16-87CF-61CDC8F4AEAD}.Debug|iPhone.Build.0 = Debug|Any CPU
		{3CB40FE3-E940-4E16-87CF-61CDC8F4AEAD}.Debug|iPhoneSimulator.ActiveCfg = Debug|Any CPU
		{3CB40FE3-E940-4E16-87CF-61CDC8F4AEAD}.Debug|iPhoneSimulator.Build.0 = Debug|Any CPU
		{3CB40FE3-E940-4E16-87CF-61CDC8F4AEAD}.Release|Any CPU.ActiveCfg = Release|Any CPU
		{3CB40FE3-E940-4E16-87CF-61CDC8F4AEAD}.Release|Any CPU.Build.0 = Release|Any CPU
		{3CB40FE3-E940-4E16-87CF-61CDC8F4AEAD}.Release|iPhone.ActiveCfg = Release|Any CPU
		{3CB40FE3-E940-4E16-87CF-61CDC8F4AEAD}.Release|iPhone.Build.0 = Release|Any CPU
		{3CB40FE3-E940-4E16-87CF-61CDC8F4AEAD}.Release|iPhoneSimulator.ActiveCfg = Release|Any CPU
		{3CB40FE3-E940-4E16-87CF-61CDC8F4AEAD}.Release|iPhoneSimulator.Build.0 = Release|Any CPU
		{F315E090-09C9-4054-851A-234B9F97B47C}.Ad-Hoc|Any CPU.ActiveCfg = Release|Any CPU
		{F315E090-09C9-4054-851A-234B9F97B47C}.Ad-Hoc|Any CPU.Build.0 = Release|Any CPU
		{F315E090-09C9-4054-851A-234B9F97B47C}.Ad-Hoc|iPhone.ActiveCfg = Release|Any CPU
		{F315E090-09C9-4054-851A-234B9F97B47C}.Ad-Hoc|iPhone.Build.0 = Release|Any CPU
		{F315E090-09C9-4054-851A-234B9F97B47C}.Ad-Hoc|iPhoneSimulator.ActiveCfg = Release|Any CPU
		{F315E090-09C9-4054-851A-234B9F97B47C}.Ad-Hoc|iPhoneSimulator.Build.0 = Release|Any CPU
		{F315E090-09C9-4054-851A-234B9F97B47C}.AppStore|Any CPU.ActiveCfg = Release|Any CPU
		{F315E090-09C9-4054-851A-234B9F97B47C}.AppStore|Any CPU.Build.0 = Release|Any CPU
		{F315E090-09C9-4054-851A-234B9F97B47C}.AppStore|iPhone.ActiveCfg = Release|Any CPU
		{F315E090-09C9-4054-851A-234B9F97B47C}.AppStore|iPhone.Build.0 = Release|Any CPU
		{F315E090-09C9-4054-851A-234B9F97B47C}.AppStore|iPhoneSimulator.ActiveCfg = Release|Any CPU
		{F315E090-09C9-4054-851A-234B9F97B47C}.AppStore|iPhoneSimulator.Build.0 = Release|Any CPU
		{F315E090-09C9-4054-851A-234B9F97B47C}.Debug|Any CPU.ActiveCfg = Debug|Any CPU
		{F315E090-09C9-4054-851A-234B9F97B47C}.Debug|Any CPU.Build.0 = Debug|Any CPU
		{F315E090-09C9-4054-851A-234B9F97B47C}.Debug|iPhone.ActiveCfg = Debug|Any CPU
		{F315E090-09C9-4054-851A-234B9F97B47C}.Debug|iPhone.Build.0 = Debug|Any CPU
		{F315E090-09C9-4054-851A-234B9F97B47C}.Debug|iPhoneSimulator.ActiveCfg = Debug|Any CPU
		{F315E090-09C9-4054-851A-234B9F97B47C}.Debug|iPhoneSimulator.Build.0 = Debug|Any CPU
		{F315E090-09C9-4054-851A-234B9F97B47C}.Release|Any CPU.ActiveCfg = Release|Any CPU
		{F315E090-09C9-4054-851A-234B9F97B47C}.Release|Any CPU.Build.0 = Release|Any CPU
		{F315E090-09C9-4054-851A-234B9F97B47C}.Release|iPhone.ActiveCfg = Release|Any CPU
		{F315E090-09C9-4054-851A-234B9F97B47C}.Release|iPhone.Build.0 = Release|Any CPU
		{F315E090-09C9-4054-851A-234B9F97B47C}.Release|iPhoneSimulator.ActiveCfg = Release|Any CPU
		{F315E090-09C9-4054-851A-234B9F97B47C}.Release|iPhoneSimulator.Build.0 = Release|Any CPU
		{E71F3053-056C-4381-9638-048ED73BDFF6}.Ad-Hoc|Any CPU.ActiveCfg = Release|Any CPU
		{E71F3053-056C-4381-9638-048ED73BDFF6}.Ad-Hoc|Any CPU.Build.0 = Release|Any CPU
		{E71F3053-056C-4381-9638-048ED73BDFF6}.Ad-Hoc|iPhone.ActiveCfg = Release|Any CPU
		{E71F3053-056C-4381-9638-048ED73BDFF6}.Ad-Hoc|iPhone.Build.0 = Release|Any CPU
		{E71F3053-056C-4381-9638-048ED73BDFF6}.Ad-Hoc|iPhoneSimulator.ActiveCfg = Release|Any CPU
		{E71F3053-056C-4381-9638-048ED73BDFF6}.Ad-Hoc|iPhoneSimulator.Build.0 = Release|Any CPU
		{E71F3053-056C-4381-9638-048ED73BDFF6}.AppStore|Any CPU.ActiveCfg = Release|Any CPU
		{E71F3053-056C-4381-9638-048ED73BDFF6}.AppStore|Any CPU.Build.0 = Release|Any CPU
		{E71F3053-056C-4381-9638-048ED73BDFF6}.AppStore|iPhone.ActiveCfg = Release|Any CPU
		{E71F3053-056C-4381-9638-048ED73BDFF6}.AppStore|iPhone.Build.0 = Release|Any CPU
		{E71F3053-056C-4381-9638-048ED73BDFF6}.AppStore|iPhoneSimulator.ActiveCfg = Release|Any CPU
		{E71F3053-056C-4381-9638-048ED73BDFF6}.AppStore|iPhoneSimulator.Build.0 = Release|Any CPU
		{E71F3053-056C-4381-9638-048ED73BDFF6}.Debug|Any CPU.ActiveCfg = Debug|Any CPU
		{E71F3053-056C-4381-9638-048ED73BDFF6}.Debug|Any CPU.Build.0 = Debug|Any CPU
		{E71F3053-056C-4381-9638-048ED73BDFF6}.Debug|iPhone.ActiveCfg = Debug|Any CPU
		{E71F3053-056C-4381-9638-048ED73BDFF6}.Debug|iPhone.Build.0 = Debug|Any CPU
		{E71F3053-056C-4381-9638-048ED73BDFF6}.Debug|iPhoneSimulator.ActiveCfg = Debug|Any CPU
		{E71F3053-056C-4381-9638-048ED73BDFF6}.Debug|iPhoneSimulator.Build.0 = Debug|Any CPU
		{E71F3053-056C-4381-9638-048ED73BDFF6}.Release|Any CPU.ActiveCfg = Release|Any CPU
		{E71F3053-056C-4381-9638-048ED73BDFF6}.Release|Any CPU.Build.0 = Release|Any CPU
		{E71F3053-056C-4381-9638-048ED73BDFF6}.Release|iPhone.ActiveCfg = Release|Any CPU
		{E71F3053-056C-4381-9638-048ED73BDFF6}.Release|iPhone.Build.0 = Release|Any CPU
		{E71F3053-056C-4381-9638-048ED73BDFF6}.Release|iPhoneSimulator.ActiveCfg = Release|Any CPU
		{E71F3053-056C-4381-9638-048ED73BDFF6}.Release|iPhoneSimulator.Build.0 = Release|Any CPU
	EndGlobalSection
	GlobalSection(SolutionProperties) = preSolution
		HideSolutionNode = FALSE
	EndGlobalSection
	GlobalSection(NestedProjects) = preSolution
		{3CB40FE3-E940-4E16-87CF-61CDC8F4AEAD} = {3AA24539-7A94-43FA-9F49-CDCFF763AF26}
		{F315E090-09C9-4054-851A-234B9F97B47C} = {3AA24539-7A94-43FA-9F49-CDCFF763AF26}
		{E71F3053-056C-4381-9638-048ED73BDFF6} = {3AA24539-7A94-43FA-9F49-CDCFF763AF26}
	EndGlobalSection
	GlobalSection(ExtensibilityGlobals) = postSolution
		SolutionGuid = {E852ECC2-26DC-49A2-9E8F-82FC88F56B8E}
	EndGlobalSection
EndGlobal
