
Microsoft Visual Studio Solution File, Format Version 12.00
# Visual Studio Version 16
VisualStudioVersion = 16.0.28803.202
MinimumVisualStudioVersion = 10.0.40219.1
Project("{9A19103F-16F7-4668-BE54-9A1E7A4F7556}") = "Xamarin.KeyboardHelper", "Xamarin.KeyboardHelper\Xamarin.KeyboardHelper.csproj", "{DCFB7D1E-4421-43A5-85C1-EFD7230F0C8F}"
EndProject
Global
	GlobalSection(SolutionConfigurationPlatforms) = preSolution
		Debug|Any CPU = Debug|Any CPU
		Release|Any CPU = Release|Any CPU
	EndGlobalSection
	GlobalSection(ProjectConfigurationPlatforms) = postSolution
		{DCFB7D1E-4421-43A5-85C1-EFD7230F0C8F}.Debug|Any CPU.ActiveCfg = Debug|Any CPU
		{DCFB7D1E-4421-43A5-85C1-EFD7230F0C8F}.Debug|Any CPU.Build.0 = Debug|Any CPU
		{DCFB7D1E-4421-43A5-85C1-EFD7230F0C8F}.Release|Any CPU.ActiveCfg = Release|Any CPU
		{DCFB7D1E-4421-43A5-85C1-EFD7230F0C8F}.Release|Any CPU.Build.0 = Release|Any CPU
	EndGlobalSection
	GlobalSection(SolutionProperties) = preSolution
		HideSolutionNode = FALSE
	EndGlobalSection
	GlobalSection(ExtensibilityGlobals) = postSolution
		SolutionGuid = {0A436FAA-D1C7-495E-A8AE-46BB09D95241}
	EndGlobalSection
EndGlobal
